
Microsoft Visual Studio Solution File, Format Version 12.00
# Visual Studio Version 16
VisualStudioVersion = 16.0.36422.26
MinimumVisualStudioVersion = 10.0.40219.1
Project("{FAE04EC0-301F-11D3-BF4B-00C04F79EFBC}") = "ReadFtpDirectory", "ReadFtpDirectory.csproj", "{E2544EEA-FA0F-467F-94C6-6BFFF2919473}"
EndProject
Global
	GlobalSection(SolutionConfigurationPlatforms) = preSolution
		Debug|Any CPU = Debug|Any CPU
		Release|Any CPU = Release|Any CPU
	EndGlobalSection
	GlobalSection(ProjectConfigurationPlatforms) = postSolution
		{E2544EEA-FA0F-467F-94C6-6BFFF2919473}.Debug|Any CPU.ActiveCfg = Debug|Any CPU
		{E2544EEA-FA0F-467F-94C6-6BFFF2919473}.Debug|Any CPU.Build.0 = Debug|Any CPU
		{E2544EEA-FA0F-467F-94C6-6BFFF2919473}.Release|Any CPU.ActiveCfg = Release|Any CPU
		{E2544EEA-FA0F-467F-94C6-6BFFF2919473}.Release|Any CPU.Build.0 = Release|Any CPU
	EndGlobalSection
	GlobalSection(SolutionProperties) = preSolution
		HideSolutionNode = FALSE
	EndGlobalSection
	GlobalSection(ExtensibilityGlobals) = postSolution
		SolutionGuid = {39C94F67-F0BC-42E5-9281-B38C7E6C865C}
	EndGlobalSection
EndGlobal
